{
  "nodes": {
    "flake-parts": {
      "inputs": {
        "nixpkgs-lib": "nixpkgs-lib"
      },
      "locked": {
        "lastModified": 1754487366,
        "narHash": "sha256-pHYj8gUBapuUzKV/kN/tR3Zvqc7o6gdFB9XKXIp1SQ8=",
        "owner": "hercules-ci",
        "repo": "flake-parts",
        "rev": "af66ad14b28a127c5c0f3bbb298218fc63528a18",
        "type": "github"
      },
      "original": {
        "owner": "hercules-ci",
        "repo": "flake-parts",
        "type": "github"
      }
    },
    "generative-models": {
      "flake": false,
      "locked": {
        "lastModified": 1690395263,
        "narHash": "sha256-qaZeaCfOO4vWFZZAyqNpJbTttJy17GQ5+DM05yTLktA=",
        "owner": "Stability-AI",
        "repo": "generative-models",
        "rev": "45c443b316737a4ab6e40413d7794a7f5657c19f",
        "type": "github"
      },
      "original": {
        "owner": "Stability-AI",
        "repo": "generative-models",
        "rev": "45c443b316737a4ab6e40413d7794a7f5657c19f",
        "type": "github"
      }
    },
    "k-diffusion": {
      "flake": false,
      "locked": {
        "lastModified": 1691866834,
        "narHash": "sha256-tOWDFt0/hGZF5HENiHPb9a2pBlXdSvDvCNTsCMZljC4=",
        "owner": "crowsonkb",
        "repo": "k-diffusion",
        "rev": "ab527a9a6d347f364e3d185ba6d714e22d80cb3c",
        "type": "github"
      },
      "original": {
        "owner": "crowsonkb",
        "repo": "k-diffusion",
        "rev": "ab527a9a6d347f364e3d185ba6d714e22d80cb3c",
        "type": "github"
      }
    },
    "nixpkgs": {
      "locked": {
        "lastModified": 1755471983,
        "narHash": "sha256-axUoWcm4cNQ36jOlnkD9D40LTfSQgk8ExfHSRm3rTtg=",
        "owner": "NixOS",
        "repo": "nixpkgs",
        "rev": "48f4c982de68d966421d2b6f1ddbeb6227cc5ceb",
        "type": "github"
      },
      "original": {
        "owner": "NixOS",
        "ref": "nixos-25.05",
        "repo": "nixpkgs",
        "type": "github"
      }
    },
    "nixpkgs-lib": {
      "locked": {
        "lastModified": 1753579242,
        "narHash": "sha256-zvaMGVn14/Zz8hnp4VWT9xVnhc8vuL3TStRqwk22biA=",
        "owner": "nix-community",
        "repo": "nixpkgs.lib",
        "rev": "0f36c44e01a6129be94e3ade315a5883f0228a6e",
        "type": "github"
      },
      "original": {
        "owner": "nix-community",
        "repo": "nixpkgs.lib",
        "type": "github"
      }
    },
    "root": {
      "inputs": {
        "flake-parts": "flake-parts",
        "generative-models": "generative-models",
        "k-diffusion": "k-diffusion",
        "nixpkgs": "nixpkgs",
        "stable-diffusion-stability-ai": "stable-diffusion-stability-ai",
        "stable-diffusion-webui": "stable-diffusion-webui",
        "stable-diffusion-webui-assets": "stable-diffusion-webui-assets",
        "treefmt-nix": "treefmt-nix"
      }
    },
    "stable-diffusion-stability-ai": {
      "flake": false,
      "locked": {
        "lastModified": 1679711060,
        "narHash": "sha256-yEtrz/JTq53JDI4NZI26KsD8LAgiViwiNaB2i1CBs/I=",
        "owner": "Stability-AI",
        "repo": "stablediffusion",
        "rev": "cf1d67a6fd5ea1aa600c4df58e5b47da45f6bdbf",
        "type": "github"
      },
      "original": {
        "owner": "Stability-AI",
        "repo": "stablediffusion",
        "rev": "cf1d67a6fd5ea1aa600c4df58e5b47da45f6bdbf",
        "type": "github"
      }
    },
    "stable-diffusion-webui": {
      "flake": false,
      "locked": {
        "lastModified": 1746253023,
        "narHash": "sha256-tebOUV47lUFxE3ZQ6OHrKj2EFo+42swsbA7miIl8xzo=",
        "owner": "AUTOMATIC1111",
        "repo": "stable-diffusion-webui",
        "rev": "2174ce5afea90ca489d222f539988dcef59f1027",
        "type": "github"
      },
      "original": {
        "owner": "AUTOMATIC1111",
        "ref": "dev",
        "repo": "stable-diffusion-webui",
        "type": "github"
      }
    },
    "stable-diffusion-webui-assets": {
      "flake": false,
      "locked": {
        "lastModified": 1704608154,
        "narHash": "sha256-gos24/VHz+Es834ZfMVdu3L9m04CR0cLi54bgTlWLJk=",
        "owner": "AUTOMATIC1111",
        "repo": "stable-diffusion-webui-assets",
        "rev": "6f7db241d2f8ba7457bac5ca9753331f0c266917",
        "type": "github"
      },
      "original": {
        "owner": "AUTOMATIC1111",
        "repo": "stable-diffusion-webui-assets",
        "rev": "6f7db241d2f8ba7457bac5ca9753331f0c266917",
        "type": "github"
      }
    },
    "treefmt-nix": {
      "inputs": {
        "nixpkgs": [
          "nixpkgs"
        ]
      },
      "locked": {
        "lastModified": 1754847726,
        "narHash": "sha256-2vX8QjO5lRsDbNYvN9hVHXLU6oMl+V/PsmIiJREG4rE=",
        "owner": "numtide",
        "repo": "treefmt-nix",
        "rev": "7d81f6fb2e19bf84f1c65135d1060d829fae2408",
        "type": "github"
      },
      "original": {
        "owner": "numtide",
        "repo": "treefmt-nix",
        "type": "github"
      }
    }
  },
  "root": "root",
  "version": 7
}
